
Microsoft Visual Studio Solution File, Format Version 12.00
# Visual Studio Version 17
VisualStudioVersion = 17.1.32210.238
MinimumVisualStudioVersion = 10.0.40219.1
Project("{FAE04EC0-301F-11D3-BF4B-00C04F79EFBC}") = "Hello_C_Sharp-Coding", "Hello_C_Sharp-Coding\Hello_C_Sharp-Coding.csproj", "{465CCBCE-AC38-4215-95C4-2B679E685691}"
EndProject
Global
	GlobalSection(SolutionConfigurationPlatforms) = preSolution
		Debug|Any CPU = Debug|Any CPU
		Release|Any CPU = Release|Any CPU
	EndGlobalSection
	GlobalSection(ProjectConfigurationPlatforms) = postSolution
		{465CCBCE-AC38-4215-95C4-2B679E685691}.Debug|Any CPU.ActiveCfg = Debug|Any CPU
		{465CCBCE-AC38-4215-95C4-2B679E685691}.Debug|Any CPU.Build.0 = Debug|Any CPU
		{465CCBCE-AC38-4215-95C4-2B679E685691}.Release|Any CPU.ActiveCfg = Release|Any CPU
		{465CCBCE-AC38-4215-95C4-2B679E685691}.Release|Any CPU.Build.0 = Release|Any CPU
	EndGlobalSection
	GlobalSection(SolutionProperties) = preSolution
		HideSolutionNode = FALSE
	EndGlobalSection
	GlobalSection(ExtensibilityGlobals) = postSolution
		SolutionGuid = {21853E86-AF38-4B9C-93D5-67133C6DC061}
	EndGlobalSection
EndGlobal
